
Microsoft Visual Studio Solution File, Format Version 12.00
Project("{2150E333-8FDC-42A3-9474-1A3956D46DE8}") = "src", "src", "{FF5AD603-4C2E-4CD4-B3C0-7AA1150F6D9E}"
EndProject
Project("{FAE04EC0-301F-11D3-BF4B-00C04F79EFBC}") = "Behlog.Web", "src\Behlog.Web\Behlog.Web.csproj", "{F2484E96-763C-426A-98B0-4974E77B725A}"
EndProject
Project("{FAE04EC0-301F-11D3-BF4B-00C04F79EFBC}") = "Behlog.Web.Services", "src\Behlog.Web.Services\Behlog.Web.Services.csproj", "{990F1186-0188-4084-B885-0A7320AFA294}"
EndProject
Project("{FAE04EC0-301F-11D3-BF4B-00C04F79EFBC}") = "Behlog.Web.Models", "src\Behlog.Web.Models\Behlog.Web.Models.csproj", "{4F307D0D-9071-4ACA-B7FB-31528C890C3E}"
EndProject
Project("{FAE04EC0-301F-11D3-BF4B-00C04F79EFBC}") = "Behlog.Web.Core", "src\Behlog.Web.Core\Behlog.Web.Core.csproj", "{CEE6E44F-0DBF-4675-B760-E5AF2701294A}"
EndProject
Project("{FAE04EC0-301F-11D3-BF4B-00C04F79EFBC}") = "Behlog.Web.Identity", "src\Behlog.Web.Identity\Behlog.Web.Identity.csproj", "{28633E48-5B5C-4954-8BEE-BDF92C20EDD8}"
EndProject
Project("{FAE04EC0-301F-11D3-BF4B-00C04F79EFBC}") = "Behlog.Web.Setup", "src\Behlog.Web.Setup\Behlog.Web.Setup.csproj", "{EB72BD72-45B6-47D5-8572-4821293E1F4E}"
EndProject
Project("{FAE04EC0-301F-11D3-BF4B-00C04F79EFBC}") = "Behlog.Web.Resources", "src\Behlog.Web.Resources\Behlog.Web.Resources.csproj", "{B183907F-EB51-4CDD-8F59-99E8A8392DF2}"
EndProject
Project("{FAE04EC0-301F-11D3-BF4B-00C04F79EFBC}") = "Behlog.Web.Components", "src\Behlog.Web.Components\Behlog.Web.Components.csproj", "{2CE3D2EA-9EAF-4724-B979-2758F4CF4013}"
EndProject
Global
	GlobalSection(SolutionConfigurationPlatforms) = preSolution
		Debug|Any CPU = Debug|Any CPU
		Release|Any CPU = Release|Any CPU
	EndGlobalSection
	GlobalSection(NestedProjects) = preSolution
		{F2484E96-763C-426A-98B0-4974E77B725A} = {FF5AD603-4C2E-4CD4-B3C0-7AA1150F6D9E}
		{990F1186-0188-4084-B885-0A7320AFA294} = {FF5AD603-4C2E-4CD4-B3C0-7AA1150F6D9E}
		{4F307D0D-9071-4ACA-B7FB-31528C890C3E} = {FF5AD603-4C2E-4CD4-B3C0-7AA1150F6D9E}
		{CEE6E44F-0DBF-4675-B760-E5AF2701294A} = {FF5AD603-4C2E-4CD4-B3C0-7AA1150F6D9E}
		{28633E48-5B5C-4954-8BEE-BDF92C20EDD8} = {FF5AD603-4C2E-4CD4-B3C0-7AA1150F6D9E}
		{EB72BD72-45B6-47D5-8572-4821293E1F4E} = {FF5AD603-4C2E-4CD4-B3C0-7AA1150F6D9E}
		{B183907F-EB51-4CDD-8F59-99E8A8392DF2} = {FF5AD603-4C2E-4CD4-B3C0-7AA1150F6D9E}
		{2CE3D2EA-9EAF-4724-B979-2758F4CF4013} = {FF5AD603-4C2E-4CD4-B3C0-7AA1150F6D9E}
	EndGlobalSection
	GlobalSection(ProjectConfigurationPlatforms) = postSolution
		{F2484E96-763C-426A-98B0-4974E77B725A}.Debug|Any CPU.ActiveCfg = Debug|Any CPU
		{F2484E96-763C-426A-98B0-4974E77B725A}.Debug|Any CPU.Build.0 = Debug|Any CPU
		{F2484E96-763C-426A-98B0-4974E77B725A}.Release|Any CPU.ActiveCfg = Release|Any CPU
		{F2484E96-763C-426A-98B0-4974E77B725A}.Release|Any CPU.Build.0 = Release|Any CPU
		{990F1186-0188-4084-B885-0A7320AFA294}.Debug|Any CPU.ActiveCfg = Debug|Any CPU
		{990F1186-0188-4084-B885-0A7320AFA294}.Debug|Any CPU.Build.0 = Debug|Any CPU
		{990F1186-0188-4084-B885-0A7320AFA294}.Release|Any CPU.ActiveCfg = Release|Any CPU
		{990F1186-0188-4084-B885-0A7320AFA294}.Release|Any CPU.Build.0 = Release|Any CPU
		{4F307D0D-9071-4ACA-B7FB-31528C890C3E}.Debug|Any CPU.ActiveCfg = Debug|Any CPU
		{4F307D0D-9071-4ACA-B7FB-31528C890C3E}.Debug|Any CPU.Build.0 = Debug|Any CPU
		{4F307D0D-9071-4ACA-B7FB-31528C890C3E}.Release|Any CPU.ActiveCfg = Release|Any CPU
		{4F307D0D-9071-4ACA-B7FB-31528C890C3E}.Release|Any CPU.Build.0 = Release|Any CPU
		{CEE6E44F-0DBF-4675-B760-E5AF2701294A}.Debug|Any CPU.ActiveCfg = Debug|Any CPU
		{CEE6E44F-0DBF-4675-B760-E5AF2701294A}.Debug|Any CPU.Build.0 = Debug|Any CPU
		{CEE6E44F-0DBF-4675-B760-E5AF2701294A}.Release|Any CPU.ActiveCfg = Release|Any CPU
		{CEE6E44F-0DBF-4675-B760-E5AF2701294A}.Release|Any CPU.Build.0 = Release|Any CPU
		{28633E48-5B5C-4954-8BEE-BDF92C20EDD8}.Debug|Any CPU.ActiveCfg = Debug|Any CPU
		{28633E48-5B5C-4954-8BEE-BDF92C20EDD8}.Debug|Any CPU.Build.0 = Debug|Any CPU
		{28633E48-5B5C-4954-8BEE-BDF92C20EDD8}.Release|Any CPU.ActiveCfg = Release|Any CPU
		{28633E48-5B5C-4954-8BEE-BDF92C20EDD8}.Release|Any CPU.Build.0 = Release|Any CPU
		{EB72BD72-45B6-47D5-8572-4821293E1F4E}.Debug|Any CPU.ActiveCfg = Debug|Any CPU
		{EB72BD72-45B6-47D5-8572-4821293E1F4E}.Debug|Any CPU.Build.0 = Debug|Any CPU
		{EB72BD72-45B6-47D5-8572-4821293E1F4E}.Release|Any CPU.ActiveCfg = Release|Any CPU
		{EB72BD72-45B6-47D5-8572-4821293E1F4E}.Release|Any CPU.Build.0 = Release|Any CPU
		{B183907F-EB51-4CDD-8F59-99E8A8392DF2}.Debug|Any CPU.ActiveCfg = Debug|Any CPU
		{B183907F-EB51-4CDD-8F59-99E8A8392DF2}.Debug|Any CPU.Build.0 = Debug|Any CPU
		{B183907F-EB51-4CDD-8F59-99E8A8392DF2}.Release|Any CPU.ActiveCfg = Release|Any CPU
		{B183907F-EB51-4CDD-8F59-99E8A8392DF2}.Release|Any CPU.Build.0 = Release|Any CPU
		{2CE3D2EA-9EAF-4724-B979-2758F4CF4013}.Debug|Any CPU.ActiveCfg = Debug|Any CPU
		{2CE3D2EA-9EAF-4724-B979-2758F4CF4013}.Debug|Any CPU.Build.0 = Debug|Any CPU
		{2CE3D2EA-9EAF-4724-B979-2758F4CF4013}.Release|Any CPU.ActiveCfg = Release|Any CPU
		{2CE3D2EA-9EAF-4724-B979-2758F4CF4013}.Release|Any CPU.Build.0 = Release|Any CPU
	EndGlobalSection
EndGlobal
